
Microsoft Visual Studio Solution File, Format Version 12.00
# Visual Studio Version 16
VisualStudioVersion = 16.0.29418.71
MinimumVisualStudioVersion = 10.0.40219.1
Project("{FAE04EC0-301F-11D3-BF4B-00C04F79EFBC}") = "BinarySearchTree", "BinarySearchTree\BinarySearchTree.csproj", "{007FDC4F-95DA-4288-915D-F4CAF6BB3078}"
EndProject
Global
	GlobalSection(SolutionConfigurationPlatforms) = preSolution
		Debug|Any CPU = Debug|Any CPU
		Release|Any CPU = Release|Any CPU
	EndGlobalSection
	GlobalSection(ProjectConfigurationPlatforms) = postSolution
		{007FDC4F-95DA-4288-915D-F4CAF6BB3078}.Debug|Any CPU.ActiveCfg = Debug|Any CPU
		{007FDC4F-95DA-4288-915D-F4CAF6BB3078}.Debug|Any CPU.Build.0 = Debug|Any CPU
		{007FDC4F-95DA-4288-915D-F4CAF6BB3078}.Release|Any CPU.ActiveCfg = Release|Any CPU
		{007FDC4F-95DA-4288-915D-F4CAF6BB3078}.Release|Any CPU.Build.0 = Release|Any CPU
	EndGlobalSection
	GlobalSection(SolutionProperties) = preSolution
		HideSolutionNode = FALSE
	EndGlobalSection
	GlobalSection(ExtensibilityGlobals) = postSolution
		SolutionGuid = {80BEACC0-2426-44D8-8BFC-302748445CD5}
	EndGlobalSection
EndGlobal
